{
  "version": 4,
  "terraform_version": "1.5.6",
  "serial": 33,
  "lineage": "47c86b4b-b954-0409-9da3-1887201d4b7e",
  "outputs": {},
  "resources": [
    {
      "mode": "managed",
      "type": "databricks_schema",
      "name": "second_schema",
      "provider": "provider[\"registry.terraform.io/databricks/databricks\"]",
      "instances": [
        {
          "schema_version": 0,
          "attributes": {
            "catalog_name": "autoloader_sample_catalog",
            "comment": "this schema is managed by terraform",
            "force_destroy": false,
            "id": "autoloader_sample_catalog.test_schema1",
            "metastore_id": "d8365bce-aee0-4a53-9f94-df7f3582ebf0",
            "name": "test_schema1",
            "owner": "97d1480b-0ccd-4cf1-93e2-40ea5b0f8869",
            "properties": {
              "kind": "various"
            },
            "storage_root": null
          },
          "sensitive_attributes": [],
          "private": "bnVsbA=="
        }
      ]
    },
    {
      "mode": "managed",
      "type": "databricks_schema",
      "name": "things",
      "provider": "provider[\"registry.terraform.io/databricks/databricks\"]",
      "instances": [
        {
          "schema_version": 0,
          "attributes": {
            "catalog_name": "autoloader_sample_catalog",
            "comment": "this schema is managed by terraform",
            "force_destroy": false,
            "id": "autoloader_sample_catalog.test_schema",
            "metastore_id": "d8365bce-aee0-4a53-9f94-df7f3582ebf0",
            "name": "test_schema",
            "owner": "97d1480b-0ccd-4cf1-93e2-40ea5b0f8869",
            "properties": {
              "kind": "various"
            },
            "storage_root": null
          },
          "sensitive_attributes": [],
          "private": "bnVsbA=="
        }
      ]
    },
    {
      "mode": "managed",
      "type": "databricks_volume",
      "name": "volume",
      "provider": "provider[\"registry.terraform.io/databricks/databricks\"]",
      "instances": [
        {
          "schema_version": 0,
          "attributes": {
            "catalog_name": "autoloader_sample_catalog",
            "comment": "this volume is managed by terraform",
            "id": "autoloader_sample_catalog.test_schema.taxformsource_vol",
            "name": "taxformsource_vol",
            "owner": "97d1480b-0ccd-4cf1-93e2-40ea5b0f8869",
            "schema_name": "test_schema",
            "storage_location": "abfss://taxformmasterdata@use2d002b139stbdevgedl02.dfs.core.windows.net/",
            "volume_type": "EXTERNAL"
          },
          "sensitive_attributes": [],
          "private": "bnVsbA==",
          "dependencies": [
            "databricks_schema.things"
          ]
        }
      ]
    },
    {
      "mode": "managed",
      "type": "databricks_volume",
      "name": "volume1",
      "provider": "provider[\"registry.terraform.io/databricks/databricks\"]",
      "instances": [
        {
          "schema_version": 0,
          "attributes": {
            "catalog_name": "autoloader_sample_catalog",
            "comment": "this volume is managed by terraform",
            "id": "autoloader_sample_catalog.test_schema1.taxformsource_volume",
            "name": "taxformsource_volume",
            "owner": "97d1480b-0ccd-4cf1-93e2-40ea5b0f8869",
            "schema_name": "test_schema1",
            "storage_location": "abfss://lakehouse2@zuse2devedlstr01.dfs.core.windows.net/",
            "volume_type": "EXTERNAL"
          },
          "sensitive_attributes": [],
          "private": "bnVsbA==",
          "dependencies": [
            "databricks_schema.second_schema",
            "databricks_schema.things"
          ]
        }
      ]
    },
    {
      "mode": "managed",
      "type": "databricks_volume",
      "name": "volume2",
      "provider": "provider[\"registry.terraform.io/databricks/databricks\"]",
      "instances": [
        {
          "schema_version": 0,
          "attributes": {
            "catalog_name": "autoloader_sample_catalog",
            "comment": "this volume is managed by terraform",
            "id": "autoloader_sample_catalog.test_schema1.taxforms_sourace_sample",
            "name": "taxforms_sourace_sample",
            "owner": "97d1480b-0ccd-4cf1-93e2-40ea5b0f8869",
            "schema_name": "test_schema1",
            "storage_location": "abfss://edlunitycatalog4@zuse2devedlstr01.dfs.core.windows.net/",
            "volume_type": "EXTERNAL"
          },
          "sensitive_attributes": [],
          "private": "bnVsbA==",
          "dependencies": [
            "databricks_schema.second_schema",
            "databricks_schema.things"
          ]
        }
      ]
    }
  ],
  "check_results": null
}
